
Microsoft Visual Studio Solution File, Format Version 12.00
# Visual Studio Version 17
VisualStudioVersion = 17.14.36401.2
MinimumVisualStudioVersion = 10.0.40219.1
Project("{FAE04EC0-301F-11D3-BF4B-00C04F79EFBC}") = "ScreenStateService", "ScreenStateService.csproj", "{DAA659E2-12BB-44A0-A4CE-581ECB3B9B78}"
EndProject
Project("{FAE04EC0-301F-11D3-BF4B-00C04F79EFBC}") = "InstallerHelper", "InstallerHelper\InstallerHelper.csproj", "{B9120083-AA2A-458F-8532-8596B5D70062}"
EndProject
Project("{B7DD6F7E-DEF8-4E67-B5B7-07EF123DB6F0}") = "Installer", "Installer\Installer.wixproj", "{3D9FEBC2-700C-49C8-9930-7930D786F5DC}"
EndProject
Global
	GlobalSection(SolutionConfigurationPlatforms) = preSolution
		Debug|Any CPU = Debug|Any CPU
		Debug|ARM64 = Debug|ARM64
		Debug|x64 = Debug|x64
		Debug|x86 = Debug|x86
		Release|Any CPU = Release|Any CPU
		Release|ARM64 = Release|ARM64
		Release|x64 = Release|x64
		Release|x86 = Release|x86
	EndGlobalSection
	GlobalSection(ProjectConfigurationPlatforms) = postSolution
		{DAA659E2-12BB-44A0-A4CE-581ECB3B9B78}.Debug|Any CPU.ActiveCfg = Debug|Any CPU
		{DAA659E2-12BB-44A0-A4CE-581ECB3B9B78}.Debug|Any CPU.Build.0 = Debug|Any CPU
		{DAA659E2-12BB-44A0-A4CE-581ECB3B9B78}.Debug|ARM64.ActiveCfg = Debug|Any CPU
		{DAA659E2-12BB-44A0-A4CE-581ECB3B9B78}.Debug|ARM64.Build.0 = Debug|Any CPU
		{DAA659E2-12BB-44A0-A4CE-581ECB3B9B78}.Debug|x64.ActiveCfg = Debug|Any CPU
		{DAA659E2-12BB-44A0-A4CE-581ECB3B9B78}.Debug|x64.Build.0 = Debug|Any CPU
		{DAA659E2-12BB-44A0-A4CE-581ECB3B9B78}.Debug|x86.ActiveCfg = Debug|Any CPU
		{DAA659E2-12BB-44A0-A4CE-581ECB3B9B78}.Debug|x86.Build.0 = Debug|Any CPU
		{DAA659E2-12BB-44A0-A4CE-581ECB3B9B78}.Release|Any CPU.ActiveCfg = Release|Any CPU
		{DAA659E2-12BB-44A0-A4CE-581ECB3B9B78}.Release|Any CPU.Build.0 = Release|Any CPU
		{DAA659E2-12BB-44A0-A4CE-581ECB3B9B78}.Release|ARM64.ActiveCfg = Release|Any CPU
		{DAA659E2-12BB-44A0-A4CE-581ECB3B9B78}.Release|ARM64.Build.0 = Release|Any CPU
		{DAA659E2-12BB-44A0-A4CE-581ECB3B9B78}.Release|x64.ActiveCfg = Release|Any CPU
		{DAA659E2-12BB-44A0-A4CE-581ECB3B9B78}.Release|x64.Build.0 = Release|Any CPU
		{DAA659E2-12BB-44A0-A4CE-581ECB3B9B78}.Release|x86.ActiveCfg = Release|Any CPU
		{DAA659E2-12BB-44A0-A4CE-581ECB3B9B78}.Release|x86.Build.0 = Release|Any CPU
		{B9120083-AA2A-458F-8532-8596B5D70062}.Debug|Any CPU.ActiveCfg = Debug|Any CPU
		{B9120083-AA2A-458F-8532-8596B5D70062}.Debug|Any CPU.Build.0 = Debug|Any CPU
		{B9120083-AA2A-458F-8532-8596B5D70062}.Debug|ARM64.ActiveCfg = Debug|Any CPU
		{B9120083-AA2A-458F-8532-8596B5D70062}.Debug|ARM64.Build.0 = Debug|Any CPU
		{B9120083-AA2A-458F-8532-8596B5D70062}.Debug|x64.ActiveCfg = Debug|Any CPU
		{B9120083-AA2A-458F-8532-8596B5D70062}.Debug|x64.Build.0 = Debug|Any CPU
		{B9120083-AA2A-458F-8532-8596B5D70062}.Debug|x86.ActiveCfg = Debug|Any CPU
		{B9120083-AA2A-458F-8532-8596B5D70062}.Debug|x86.Build.0 = Debug|Any CPU
		{B9120083-AA2A-458F-8532-8596B5D70062}.Release|Any CPU.ActiveCfg = Release|Any CPU
		{B9120083-AA2A-458F-8532-8596B5D70062}.Release|Any CPU.Build.0 = Release|Any CPU
		{B9120083-AA2A-458F-8532-8596B5D70062}.Release|ARM64.ActiveCfg = Release|Any CPU
		{B9120083-AA2A-458F-8532-8596B5D70062}.Release|ARM64.Build.0 = Release|Any CPU
		{B9120083-AA2A-458F-8532-8596B5D70062}.Release|x64.ActiveCfg = Release|Any CPU
		{B9120083-AA2A-458F-8532-8596B5D70062}.Release|x64.Build.0 = Release|Any CPU
		{B9120083-AA2A-458F-8532-8596B5D70062}.Release|x86.ActiveCfg = Release|Any CPU
		{B9120083-AA2A-458F-8532-8596B5D70062}.Release|x86.Build.0 = Release|Any CPU
		{3D9FEBC2-700C-49C8-9930-7930D786F5DC}.Debug|Any CPU.ActiveCfg = Debug|x64
		{3D9FEBC2-700C-49C8-9930-7930D786F5DC}.Debug|Any CPU.Build.0 = Debug|x64
		{3D9FEBC2-700C-49C8-9930-7930D786F5DC}.Debug|ARM64.ActiveCfg = Debug|ARM64
		{3D9FEBC2-700C-49C8-9930-7930D786F5DC}.Debug|ARM64.Build.0 = Debug|ARM64
		{3D9FEBC2-700C-49C8-9930-7930D786F5DC}.Debug|x64.ActiveCfg = Debug|x64
		{3D9FEBC2-700C-49C8-9930-7930D786F5DC}.Debug|x64.Build.0 = Debug|x64
		{3D9FEBC2-700C-49C8-9930-7930D786F5DC}.Debug|x86.ActiveCfg = Debug|x86
		{3D9FEBC2-700C-49C8-9930-7930D786F5DC}.Debug|x86.Build.0 = Debug|x86
		{3D9FEBC2-700C-49C8-9930-7930D786F5DC}.Release|Any CPU.ActiveCfg = Release|x64
		{3D9FEBC2-700C-49C8-9930-7930D786F5DC}.Release|Any CPU.Build.0 = Release|x64
		{3D9FEBC2-700C-49C8-9930-7930D786F5DC}.Release|ARM64.ActiveCfg = Release|ARM64
		{3D9FEBC2-700C-49C8-9930-7930D786F5DC}.Release|ARM64.Build.0 = Release|ARM64
		{3D9FEBC2-700C-49C8-9930-7930D786F5DC}.Release|x64.ActiveCfg = Release|x64
		{3D9FEBC2-700C-49C8-9930-7930D786F5DC}.Release|x64.Build.0 = Release|x64
		{3D9FEBC2-700C-49C8-9930-7930D786F5DC}.Release|x86.ActiveCfg = Release|x86
		{3D9FEBC2-700C-49C8-9930-7930D786F5DC}.Release|x86.Build.0 = Release|x86
	EndGlobalSection
	GlobalSection(SolutionProperties) = preSolution
		HideSolutionNode = FALSE
	EndGlobalSection
	GlobalSection(ExtensibilityGlobals) = postSolution
		SolutionGuid = {B204E21A-8FBE-4391-AC9E-8AE87231835C}
	EndGlobalSection
EndGlobal
